{
  "version": 4,
  "terraform_version": "1.12.2",
  "serial": 7,
  "lineage": "ab1054c2-755b-af42-19c7-f872d5438c6a",
  "outputs": {
    "public_ip": {
      "value": "34.61.23.55",
      "type": "string"
    }
  },
  "resources": [
    {
      "mode": "managed",
      "type": "google_compute_firewall",
      "name": "allow_flask_api",
      "provider": "provider[\"registry.terraform.io/hashicorp/google\"]",
      "instances": [
        {
          "schema_version": 1,
          "attributes": {
            "allow": [
              {
                "ports": [
                  "8080"
                ],
                "protocol": "tcp"
              }
            ],
            "creation_timestamp": "2025-07-08T10:55:19.543-07:00",
            "deny": [],
            "description": "",
            "destination_ranges": [],
            "direction": "INGRESS",
            "disabled": false,
            "enable_logging": null,
            "id": "projects/day4-pi-shaped-workshop-464806/global/firewalls/allow-flask-api",
            "log_config": [],
            "name": "allow-flask-api",
            "network": "https://www.googleapis.com/compute/v1/projects/day4-pi-shaped-workshop-464806/global/networks/default",
            "priority": 1000,
            "project": "day4-pi-shaped-workshop-464806",
            "self_link": "https://www.googleapis.com/compute/v1/projects/day4-pi-shaped-workshop-464806/global/firewalls/allow-flask-api",
            "source_ranges": [
              "0.0.0.0/0"
            ],
            "source_service_accounts": null,
            "source_tags": null,
            "target_service_accounts": null,
            "target_tags": null,
            "timeouts": null
          },
          "sensitive_attributes": [],
          "identity_schema_version": 0,
          "private": "eyJlMmJmYjczMC1lY2FhLTExZTYtOGY4OC0zNDM2M2JjN2M0YzAiOnsiY3JlYXRlIjoxMjAwMDAwMDAwMDAwLCJkZWxldGUiOjEyMDAwMDAwMDAwMDAsInVwZGF0ZSI6MTIwMDAwMDAwMDAwMH0sInNjaGVtYV92ZXJzaW9uIjoiMSJ9"
        }
      ]
    },
    {
      "mode": "managed",
      "type": "google_compute_instance",
      "name": "backend_vm",
      "provider": "provider[\"registry.terraform.io/hashicorp/google\"]",
      "instances": [
        {
          "schema_version": 6,
          "attributes": {
            "advanced_machine_features": [],
            "allow_stopping_for_update": null,
            "attached_disk": [],
            "boot_disk": [
              {
                "auto_delete": true,
                "device_name": "persistent-disk-0",
                "disk_encryption_key_raw": "",
                "disk_encryption_key_rsa": "",
                "disk_encryption_key_sha256": "",
                "disk_encryption_service_account": "",
                "force_attach": false,
                "guest_os_features": [
                  "UEFI_COMPATIBLE",
                  "VIRTIO_SCSI_MULTIQUEUE",
                  "GVNIC",
                  "SEV_CAPABLE",
                  "SEV_LIVE_MIGRATABLE_V2"
                ],
                "initialize_params": [
                  {
                    "architecture": "X86_64",
                    "enable_confidential_compute": false,
                    "image": "https://www.googleapis.com/compute/v1/projects/debian-cloud/global/images/debian-12-bookworm-v20250610",
                    "labels": {},
                    "provisioned_iops": 0,
                    "provisioned_throughput": 0,
                    "resource_manager_tags": null,
                    "resource_policies": [],
                    "size": 10,
                    "snapshot": "",
                    "source_image_encryption_key": [],
                    "source_snapshot_encryption_key": [],
                    "storage_pool": "",
                    "type": "pd-standard"
                  }
                ],
                "interface": "",
                "kms_key_self_link": "",
                "mode": "READ_WRITE",
                "source": "https://www.googleapis.com/compute/v1/projects/day4-pi-shaped-workshop-464806/zones/us-central1-a/disks/guess-game-backend-vm"
              }
            ],
            "can_ip_forward": false,
            "confidential_instance_config": [],
            "cpu_platform": "Intel Broadwell",
            "creation_timestamp": "2025-07-08T10:55:43.632-07:00",
            "current_status": "RUNNING",
            "deletion_protection": false,
            "description": "",
            "desired_status": null,
            "effective_labels": {
              "goog-terraform-provisioned": "true"
            },
            "enable_display": false,
            "guest_accelerator": [],
            "hostname": "",
            "id": "projects/day4-pi-shaped-workshop-464806/zones/us-central1-a/instances/guess-game-backend-vm",
            "instance_encryption_key": [],
            "instance_id": "2703661587817882992",
            "key_revocation_action_type": "",
            "label_fingerprint": "vezUS-42LLM=",
            "labels": null,
            "machine_type": "e2-medium",
            "metadata": null,
            "metadata_fingerprint": "8HEsRj2r2JI=",
            "metadata_startup_script": "#!/bin/bash\necho \"Starting backend VM setup...\"\nsudo apt update\necho \"Installing python3 pipx...\"\nsudo apt install -y python3-pip\necho \"Installing git...\"\nsudo apt install -y git\necho \"Installing coreutils...\"\nsudo apt install -y coreutils\necho \"Cloning the guess-game-full-stack-app repository...\"\ngit clone https://github.com/ibrahimnadra/guess-game-full-stack-app.git /tmp/guess-game-full-stack-app\necho \"Installing Python 3.11 virtual environment...\"\nsudo apt install -y python3.11-venv\necho \"Setting up the virtual environment...\"\npython3 -m venv venv\necho \"Activating the virtual environment...\"\nsource venv/bin/activate\necho \"Installing required Python package: flask-cors...\"\npip install flask flask-cors\necho \"Running the Flask API...\"\npython3 /tmp/guess-game-full-stack-app/guess-game-be/guess_game.py\n",
            "min_cpu_platform": "",
            "name": "guess-game-backend-vm",
            "network_interface": [
              {
                "access_config": [
                  {
                    "nat_ip": "34.61.23.55",
                    "network_tier": "PREMIUM",
                    "public_ptr_domain_name": ""
                  }
                ],
                "alias_ip_range": [],
                "internal_ipv6_prefix_length": 0,
                "ipv6_access_config": [],
                "ipv6_access_type": "",
                "ipv6_address": "",
                "name": "nic0",
                "network": "https://www.googleapis.com/compute/v1/projects/day4-pi-shaped-workshop-464806/global/networks/default",
                "network_attachment": "",
                "network_ip": "10.128.0.21",
                "nic_type": "",
                "queue_count": 0,
                "stack_type": "IPV4_ONLY",
                "subnetwork": "https://www.googleapis.com/compute/v1/projects/day4-pi-shaped-workshop-464806/regions/us-central1/subnetworks/default",
                "subnetwork_project": "day4-pi-shaped-workshop-464806"
              }
            ],
            "network_performance_config": [],
            "params": [],
            "project": "day4-pi-shaped-workshop-464806",
            "reservation_affinity": [],
            "resource_policies": null,
            "scheduling": [
              {
                "automatic_restart": true,
                "availability_domain": 0,
                "instance_termination_action": "",
                "local_ssd_recovery_timeout": [],
                "max_run_duration": [],
                "min_node_cpus": 0,
                "node_affinities": [],
                "on_host_maintenance": "MIGRATE",
                "on_instance_stop_action": [],
                "preemptible": false,
                "provisioning_model": "STANDARD",
                "termination_time": ""
              }
            ],
            "scratch_disk": [],
            "self_link": "https://www.googleapis.com/compute/v1/projects/day4-pi-shaped-workshop-464806/zones/us-central1-a/instances/guess-game-backend-vm",
            "service_account": [
              {
                "email": "backend-service-account@day4-pi-shaped-workshop-464806.iam.gserviceaccount.com",
                "scopes": [
                  "https://www.googleapis.com/auth/cloud-platform"
                ]
              }
            ],
            "shielded_instance_config": [
              {
                "enable_integrity_monitoring": true,
                "enable_secure_boot": false,
                "enable_vtpm": true
              }
            ],
            "tags": null,
            "tags_fingerprint": "42WmSpB8rSM=",
            "terraform_labels": {
              "goog-terraform-provisioned": "true"
            },
            "timeouts": null,
            "zone": "us-central1-a"
          },
          "sensitive_attributes": [
            [
              {
                "type": "get_attr",
                "value": "boot_disk"
              },
              {
                "type": "index",
                "value": {
                  "value": 0,
                  "type": "number"
                }
              },
              {
                "type": "get_attr",
                "value": "disk_encryption_key_raw"
              }
            ],
            [
              {
                "type": "get_attr",
                "value": "boot_disk"
              },
              {
                "type": "index",
                "value": {
                  "value": 0,
                  "type": "number"
                }
              },
              {
                "type": "get_attr",
                "value": "disk_encryption_key_rsa"
              }
            ]
          ],
          "identity_schema_version": 0,
          "private": "eyJlMmJmYjczMC1lY2FhLTExZTYtOGY4OC0zNDM2M2JjN2M0YzAiOnsiY3JlYXRlIjoxMjAwMDAwMDAwMDAwLCJkZWxldGUiOjEyMDAwMDAwMDAwMDAsInVwZGF0ZSI6MTIwMDAwMDAwMDAwMH0sInNjaGVtYV92ZXJzaW9uIjoiNiJ9",
          "dependencies": [
            "google_service_account.backend_sa"
          ]
        }
      ]
    },
    {
      "mode": "managed",
      "type": "google_monitoring_uptime_check_config",
      "name": "api_uptime",
      "provider": "provider[\"registry.terraform.io/hashicorp/google\"]",
      "instances": [
        {
          "schema_version": 0,
          "attributes": {
            "checker_type": "STATIC_IP_CHECKERS",
            "content_matchers": [],
            "display_name": "API Uptime Check",
            "http_check": [
              {
                "accepted_response_status_codes": [],
                "auth_info": [],
                "body": "",
                "content_type": "",
                "custom_content_type": "",
                "headers": {},
                "mask_headers": false,
                "path": "/",
                "ping_config": [],
                "port": 8080,
                "request_method": "GET",
                "service_agent_authentication": [],
                "use_ssl": false,
                "validate_ssl": false
              }
            ],
            "id": "projects/day4-pi-shaped-workshop-464806/uptimeCheckConfigs/api-uptime-check-sqU784j_qDI",
            "log_check_failures": false,
            "monitored_resource": [
              {
                "labels": {
                  "host": "34.61.23.55",
                  "project_id": "day4-pi-shaped-workshop-464806"
                },
                "type": "uptime_url"
              }
            ],
            "name": "projects/day4-pi-shaped-workshop-464806/uptimeCheckConfigs/api-uptime-check-sqU784j_qDI",
            "period": "60s",
            "project": "day4-pi-shaped-workshop-464806",
            "resource_group": [],
            "selected_regions": null,
            "synthetic_monitor": [],
            "tcp_check": [],
            "timeout": "10s",
            "timeouts": null,
            "uptime_check_id": "api-uptime-check-sqU784j_qDI",
            "user_labels": null
          },
          "sensitive_attributes": [],
          "identity_schema_version": 0,
          "private": "eyJlMmJmYjczMC1lY2FhLTExZTYtOGY4OC0zNDM2M2JjN2M0YzAiOnsiY3JlYXRlIjoxMjAwMDAwMDAwMDAwLCJkZWxldGUiOjEyMDAwMDAwMDAwMDAsInVwZGF0ZSI6MTIwMDAwMDAwMDAwMH19",
          "dependencies": [
            "google_compute_instance.backend_vm",
            "google_service_account.backend_sa"
          ]
        }
      ]
    },
    {
      "mode": "managed",
      "type": "google_project_iam_member",
      "name": "backend_sa_logging",
      "provider": "provider[\"registry.terraform.io/hashicorp/google\"]",
      "instances": [
        {
          "schema_version": 0,
          "attributes": {
            "condition": [],
            "etag": "BwY5bqtdjyQ=",
            "id": "day4-pi-shaped-workshop-464806/roles/logging.logWriter/serviceAccount:backend-service-account@day4-pi-shaped-workshop-464806.iam.gserviceaccount.com",
            "member": "serviceAccount:backend-service-account@day4-pi-shaped-workshop-464806.iam.gserviceaccount.com",
            "project": "day4-pi-shaped-workshop-464806",
            "role": "roles/logging.logWriter"
          },
          "sensitive_attributes": [],
          "identity_schema_version": 0,
          "private": "bnVsbA==",
          "dependencies": [
            "google_service_account.backend_sa"
          ]
        }
      ]
    },
    {
      "mode": "managed",
      "type": "google_project_iam_member",
      "name": "backend_sa_monitoring",
      "provider": "provider[\"registry.terraform.io/hashicorp/google\"]",
      "instances": [
        {
          "schema_version": 0,
          "attributes": {
            "condition": [],
            "etag": "BwY5bqtdjyQ=",
            "id": "day4-pi-shaped-workshop-464806/roles/monitoring.metricWriter/serviceAccount:backend-service-account@day4-pi-shaped-workshop-464806.iam.gserviceaccount.com",
            "member": "serviceAccount:backend-service-account@day4-pi-shaped-workshop-464806.iam.gserviceaccount.com",
            "project": "day4-pi-shaped-workshop-464806",
            "role": "roles/monitoring.metricWriter"
          },
          "sensitive_attributes": [],
          "identity_schema_version": 0,
          "private": "bnVsbA==",
          "dependencies": [
            "google_service_account.backend_sa"
          ]
        }
      ]
    },
    {
      "mode": "managed",
      "type": "google_service_account",
      "name": "backend_sa",
      "provider": "provider[\"registry.terraform.io/hashicorp/google\"]",
      "instances": [
        {
          "schema_version": 0,
          "attributes": {
            "account_id": "backend-service-account",
            "create_ignore_already_exists": null,
            "description": "",
            "disabled": false,
            "display_name": "Backend Service Account",
            "email": "backend-service-account@day4-pi-shaped-workshop-464806.iam.gserviceaccount.com",
            "id": "projects/day4-pi-shaped-workshop-464806/serviceAccounts/backend-service-account@day4-pi-shaped-workshop-464806.iam.gserviceaccount.com",
            "member": "serviceAccount:backend-service-account@day4-pi-shaped-workshop-464806.iam.gserviceaccount.com",
            "name": "projects/day4-pi-shaped-workshop-464806/serviceAccounts/backend-service-account@day4-pi-shaped-workshop-464806.iam.gserviceaccount.com",
            "project": "day4-pi-shaped-workshop-464806",
            "timeouts": null,
            "unique_id": "111591471613089940690"
          },
          "sensitive_attributes": [],
          "identity_schema_version": 0,
          "private": "eyJlMmJmYjczMC1lY2FhLTExZTYtOGY4OC0zNDM2M2JjN2M0YzAiOnsiY3JlYXRlIjozMDAwMDAwMDAwMDB9fQ=="
        }
      ]
    }
  ],
  "check_results": null
}
