{
  "version": 4,
  "terraform_version": "1.12.2",
  "serial": 124,
  "lineage": "b0d09eee-9d7a-b1db-45c8-ab797dc58818",
  "outputs": {
    "build_files": {
      "value": [
        "favicon.ico",
        "index.html",
        "main-77ZIRW3P.js",
        "polyfills-FFHMD2TL.js",
        "styles-5INURTSO.css"
      ],
      "type": [
        "set",
        "string"
      ]
    },
    "frontend_url": {
      "value": "http://storage.googleapis.com/guess-game-frontend/index.html",
      "type": "string"
    },
    "index_mime_type": {
      "value": "application/octet-stream",
      "type": "string"
    }
  },
  "resources": [
    {
      "mode": "managed",
      "type": "google_storage_bucket",
      "name": "frontend_bucket",
      "provider": "provider[\"registry.terraform.io/hashicorp/google\"]",
      "instances": [
        {
          "schema_version": 3,
          "attributes": {
            "autoclass": [],
            "cors": [],
            "custom_placement_config": [],
            "default_event_based_hold": false,
            "effective_labels": {
              "goog-terraform-provisioned": "true"
            },
            "enable_object_retention": false,
            "encryption": [],
            "force_destroy": true,
            "hierarchical_namespace": [
              {
                "enabled": false
              }
            ],
            "id": "guess-game-frontend",
            "ip_filter": [],
            "labels": {},
            "lifecycle_rule": [],
            "location": "US",
            "logging": [],
            "name": "guess-game-frontend",
            "project": "day4-pi-shaped-workshop-464806",
            "project_number": 15728597535,
            "public_access_prevention": "inherited",
            "requester_pays": false,
            "retention_policy": [],
            "rpo": "DEFAULT",
            "self_link": "https://www.googleapis.com/storage/v1/b/guess-game-frontend",
            "soft_delete_policy": [
              {
                "effective_time": "2025-07-08T20:12:19.923Z",
                "retention_duration_seconds": 604800
              }
            ],
            "storage_class": "STANDARD",
            "terraform_labels": {
              "goog-terraform-provisioned": "true"
            },
            "time_created": "2025-07-08T20:12:19.923Z",
            "timeouts": null,
            "uniform_bucket_level_access": true,
            "updated": "2025-07-08T20:12:24.241Z",
            "url": "gs://guess-game-frontend",
            "versioning": [],
            "website": [
              {
                "main_page_suffix": "index.html",
                "not_found_page": "index.html"
              }
            ]
          },
          "sensitive_attributes": [],
          "identity_schema_version": 0,
          "private": "eyJlMmJmYjczMC1lY2FhLTExZTYtOGY4OC0zNDM2M2JjN2M0YzAiOnsiY3JlYXRlIjo2MDAwMDAwMDAwMDAsInJlYWQiOjI0MDAwMDAwMDAwMCwidXBkYXRlIjoyNDAwMDAwMDAwMDB9LCJzY2hlbWFfdmVyc2lvbiI6IjMifQ=="
        }
      ]
    },
    {
      "mode": "managed",
      "type": "google_storage_bucket_iam_binding",
      "name": "public",
      "provider": "provider[\"registry.terraform.io/hashicorp/google\"]",
      "instances": [
        {
          "schema_version": 0,
          "attributes": {
            "bucket": "b/guess-game-frontend",
            "condition": [],
            "etag": "CAI=",
            "id": "b/guess-game-frontend/roles/storage.objectViewer",
            "members": [
              "allUsers"
            ],
            "role": "roles/storage.objectViewer"
          },
          "sensitive_attributes": [],
          "identity_schema_version": 0,
          "private": "bnVsbA==",
          "dependencies": [
            "google_storage_bucket.frontend_bucket"
          ]
        }
      ]
    },
    {
      "mode": "managed",
      "type": "google_storage_bucket_object",
      "name": "angular_files",
      "provider": "provider[\"registry.terraform.io/hashicorp/google\"]",
      "instances": [
        {
          "index_key": "favicon.ico",
          "schema_version": 0,
          "attributes": {
            "bucket": "guess-game-frontend",
            "cache_control": "",
            "content": null,
            "content_disposition": "",
            "content_encoding": "",
            "content_language": "",
            "content_type": "image/ico",
            "crc32c": "F1WTIA==",
            "customer_encryption": [],
            "detect_md5hash": "Bbz+mgK5PhxaXaFL/ajEHw==",
            "event_based_hold": false,
            "generation": 1752005543735205,
            "id": "guess-game-frontend-favicon.ico",
            "kms_key_name": "",
            "md5hash": "Bbz+mgK5PhxaXaFL/ajEHw==",
            "md5hexhash": "05bcfe9a02b93e1c5a5da14bfda8c41f",
            "media_link": "https://storage.googleapis.com/download/storage/v1/b/guess-game-frontend/o/favicon.ico?generation=1752005543735205\u0026alt=media",
            "metadata": {},
            "name": "favicon.ico",
            "output_name": "favicon.ico",
            "retention": [],
            "self_link": "https://www.googleapis.com/storage/v1/b/guess-game-frontend/o/favicon.ico",
            "source": "../../guess-game-full-stack-app/guess-game-fe/dist/angular-demo/browser/favicon.ico",
            "source_md5hash": "",
            "storage_class": "STANDARD",
            "temporary_hold": false,
            "timeouts": null
          },
          "sensitive_attributes": [
            [
              {
                "type": "get_attr",
                "value": "content"
              }
            ]
          ],
          "identity_schema_version": 0,
          "private": "eyJlMmJmYjczMC1lY2FhLTExZTYtOGY4OC0zNDM2M2JjN2M0YzAiOnsiY3JlYXRlIjoyNDAwMDAwMDAwMDAsImRlbGV0ZSI6MjQwMDAwMDAwMDAwLCJ1cGRhdGUiOjI0MDAwMDAwMDAwMH19",
          "dependencies": [
            "google_storage_bucket.frontend_bucket"
          ]
        },
        {
          "index_key": "index.html",
          "schema_version": 0,
          "attributes": {
            "bucket": "guess-game-frontend",
            "cache_control": "",
            "content": null,
            "content_disposition": "",
            "content_encoding": "",
            "content_language": "",
            "content_type": "text/html",
            "crc32c": "vbRkig==",
            "customer_encryption": [],
            "detect_md5hash": "qVb0Q7crh1xl7WygR9T0cg==",
            "event_based_hold": false,
            "generation": 1752006793782910,
            "id": "guess-game-frontend-index.html",
            "kms_key_name": "",
            "md5hash": "qVb0Q7crh1xl7WygR9T0cg==",
            "md5hexhash": "a956f443b72b875c65ed6ca047d4f472",
            "media_link": "https://storage.googleapis.com/download/storage/v1/b/guess-game-frontend/o/index.html?generation=1752006793782910\u0026alt=media",
            "metadata": {},
            "name": "index.html",
            "output_name": "index.html",
            "retention": [],
            "self_link": "https://www.googleapis.com/storage/v1/b/guess-game-frontend/o/index.html",
            "source": "../../guess-game-full-stack-app/guess-game-fe/dist/angular-demo/browser/index.html",
            "source_md5hash": "",
            "storage_class": "STANDARD",
            "temporary_hold": false,
            "timeouts": null
          },
          "sensitive_attributes": [
            [
              {
                "type": "get_attr",
                "value": "content"
              }
            ]
          ],
          "identity_schema_version": 0,
          "private": "eyJlMmJmYjczMC1lY2FhLTExZTYtOGY4OC0zNDM2M2JjN2M0YzAiOnsiY3JlYXRlIjoyNDAwMDAwMDAwMDAsImRlbGV0ZSI6MjQwMDAwMDAwMDAwLCJ1cGRhdGUiOjI0MDAwMDAwMDAwMH19",
          "dependencies": [
            "google_storage_bucket.frontend_bucket"
          ]
        },
        {
          "index_key": "main-77ZIRW3P.js",
          "schema_version": 0,
          "attributes": {
            "bucket": "guess-game-frontend",
            "cache_control": "",
            "content": null,
            "content_disposition": "",
            "content_encoding": "",
            "content_language": "",
            "content_type": "application/javascript",
            "crc32c": "2DlK2Q==",
            "customer_encryption": [],
            "detect_md5hash": "6ojGlhmAbIuSvZscqH/s9w==",
            "event_based_hold": false,
            "generation": 1752005544728395,
            "id": "guess-game-frontend-main-77ZIRW3P.js",
            "kms_key_name": "",
            "md5hash": "6ojGlhmAbIuSvZscqH/s9w==",
            "md5hexhash": "ea88c69619806c8b92bd9b1ca87fecf7",
            "media_link": "https://storage.googleapis.com/download/storage/v1/b/guess-game-frontend/o/main-77ZIRW3P.js?generation=1752005544728395\u0026alt=media",
            "metadata": {},
            "name": "main-77ZIRW3P.js",
            "output_name": "main-77ZIRW3P.js",
            "retention": [],
            "self_link": "https://www.googleapis.com/storage/v1/b/guess-game-frontend/o/main-77ZIRW3P.js",
            "source": "../../guess-game-full-stack-app/guess-game-fe/dist/angular-demo/browser/main-77ZIRW3P.js",
            "source_md5hash": "",
            "storage_class": "STANDARD",
            "temporary_hold": false,
            "timeouts": null
          },
          "sensitive_attributes": [
            [
              {
                "type": "get_attr",
                "value": "content"
              }
            ]
          ],
          "identity_schema_version": 0,
          "private": "eyJlMmJmYjczMC1lY2FhLTExZTYtOGY4OC0zNDM2M2JjN2M0YzAiOnsiY3JlYXRlIjoyNDAwMDAwMDAwMDAsImRlbGV0ZSI6MjQwMDAwMDAwMDAwLCJ1cGRhdGUiOjI0MDAwMDAwMDAwMH19",
          "dependencies": [
            "google_storage_bucket.frontend_bucket"
          ]
        },
        {
          "index_key": "polyfills-FFHMD2TL.js",
          "schema_version": 0,
          "attributes": {
            "bucket": "guess-game-frontend",
            "cache_control": "",
            "content": null,
            "content_disposition": "",
            "content_encoding": "",
            "content_language": "",
            "content_type": "application/javascript",
            "crc32c": "OoSe4A==",
            "customer_encryption": [],
            "detect_md5hash": "/rj6uqVKAaQqXTeFNpzqcQ==",
            "event_based_hold": false,
            "generation": 1752005543938021,
            "id": "guess-game-frontend-polyfills-FFHMD2TL.js",
            "kms_key_name": "",
            "md5hash": "/rj6uqVKAaQqXTeFNpzqcQ==",
            "md5hexhash": "feb8fabaa54a01a42a5d3785369cea71",
            "media_link": "https://storage.googleapis.com/download/storage/v1/b/guess-game-frontend/o/polyfills-FFHMD2TL.js?generation=1752005543938021\u0026alt=media",
            "metadata": {},
            "name": "polyfills-FFHMD2TL.js",
            "output_name": "polyfills-FFHMD2TL.js",
            "retention": [],
            "self_link": "https://www.googleapis.com/storage/v1/b/guess-game-frontend/o/polyfills-FFHMD2TL.js",
            "source": "../../guess-game-full-stack-app/guess-game-fe/dist/angular-demo/browser/polyfills-FFHMD2TL.js",
            "source_md5hash": "",
            "storage_class": "STANDARD",
            "temporary_hold": false,
            "timeouts": null
          },
          "sensitive_attributes": [
            [
              {
                "type": "get_attr",
                "value": "content"
              }
            ]
          ],
          "identity_schema_version": 0,
          "private": "eyJlMmJmYjczMC1lY2FhLTExZTYtOGY4OC0zNDM2M2JjN2M0YzAiOnsiY3JlYXRlIjoyNDAwMDAwMDAwMDAsImRlbGV0ZSI6MjQwMDAwMDAwMDAwLCJ1cGRhdGUiOjI0MDAwMDAwMDAwMH19",
          "dependencies": [
            "google_storage_bucket.frontend_bucket"
          ]
        },
        {
          "index_key": "styles-5INURTSO.css",
          "schema_version": 0,
          "attributes": {
            "bucket": "guess-game-frontend",
            "cache_control": "",
            "content": null,
            "content_disposition": "",
            "content_encoding": "",
            "content_language": "",
            "content_type": "text/css",
            "crc32c": "AAAAAA==",
            "customer_encryption": [],
            "detect_md5hash": "1B2M2Y8AsgTpgAmY7PhCfg==",
            "event_based_hold": false,
            "generation": 1752005543734963,
            "id": "guess-game-frontend-styles-5INURTSO.css",
            "kms_key_name": "",
            "md5hash": "1B2M2Y8AsgTpgAmY7PhCfg==",
            "md5hexhash": "d41d8cd98f00b204e9800998ecf8427e",
            "media_link": "https://storage.googleapis.com/download/storage/v1/b/guess-game-frontend/o/styles-5INURTSO.css?generation=1752005543734963\u0026alt=media",
            "metadata": {},
            "name": "styles-5INURTSO.css",
            "output_name": "styles-5INURTSO.css",
            "retention": [],
            "self_link": "https://www.googleapis.com/storage/v1/b/guess-game-frontend/o/styles-5INURTSO.css",
            "source": "../../guess-game-full-stack-app/guess-game-fe/dist/angular-demo/browser/styles-5INURTSO.css",
            "source_md5hash": "",
            "storage_class": "STANDARD",
            "temporary_hold": false,
            "timeouts": null
          },
          "sensitive_attributes": [
            [
              {
                "type": "get_attr",
                "value": "content"
              }
            ]
          ],
          "identity_schema_version": 0,
          "private": "eyJlMmJmYjczMC1lY2FhLTExZTYtOGY4OC0zNDM2M2JjN2M0YzAiOnsiY3JlYXRlIjoyNDAwMDAwMDAwMDAsImRlbGV0ZSI6MjQwMDAwMDAwMDAwLCJ1cGRhdGUiOjI0MDAwMDAwMDAwMH19",
          "dependencies": [
            "google_storage_bucket.frontend_bucket"
          ]
        }
      ]
    }
  ],
  "check_results": null
}
